
Microsoft Visual Studio Solution File, Format Version 12.00
# Visual Studio Version 17
VisualStudioVersion = 17.13.35931.197 d17.13
MinimumVisualStudioVersion = 10.0.40219.1
Project("{FAE04EC0-301F-11D3-BF4B-00C04F79EFBC}") = "BelajarWPF", "BelajarWPF\BelajarWPF.csproj", "{D3826A01-2F79-489F-93D1-D79E3688A8A8}"
EndProject
Global
	GlobalSection(SolutionConfigurationPlatforms) = preSolution
		Debug|Any CPU = Debug|Any CPU
		Release|Any CPU = Release|Any CPU
	EndGlobalSection
	GlobalSection(ProjectConfigurationPlatforms) = postSolution
		{D3826A01-2F79-489F-93D1-D79E3688A8A8}.Debug|Any CPU.ActiveCfg = Debug|Any CPU
		{D3826A01-2F79-489F-93D1-D79E3688A8A8}.Debug|Any CPU.Build.0 = Debug|Any CPU
		{D3826A01-2F79-489F-93D1-D79E3688A8A8}.Release|Any CPU.ActiveCfg = Release|Any CPU
		{D3826A01-2F79-489F-93D1-D79E3688A8A8}.Release|Any CPU.Build.0 = Release|Any CPU
	EndGlobalSection
	GlobalSection(SolutionProperties) = preSolution
		HideSolutionNode = FALSE
	EndGlobalSection
	GlobalSection(ExtensibilityGlobals) = postSolution
		SolutionGuid = {F63F6CFE-CF60-499A-A5F2-B1B05BFD6D2C}
	EndGlobalSection
EndGlobal
